// !$*UTF8*$!
{
	archiveVersion = 1;
	classes = {
	};
	objectVersion = 46;
	objects = {

/* Begin PBXBuildFile section */
		9317A0D81C1769EA0093ED5D /* HistoryCustomCell.xib in Resources */ = {isa = PBXBuildFile; fileRef = 9317A0D71C1769EA0093ED5D /* HistoryCustomCell.xib */; };
		9317A0DB1C176A900093ED5D /* HistoryTableViewController.m in Sources */ = {isa = PBXBuildFile; fileRef = 9317A0DA1C176A900093ED5D /* HistoryTableViewController.m */; };
		9317A0DE1C176B6E0093ED5D /* HistoryTableViewCell.m in Sources */ = {isa = PBXBuildFile; fileRef = 9317A0DD1C176B6E0093ED5D /* HistoryTableViewCell.m */; };
		AC92CEF41C17EFE1002058D2 /* APIKeys.plist in Resources */ = {isa = PBXBuildFile; fileRef = AC92CEF31C17EFE1002058D2 /* APIKeys.plist */; };
		ACDE69661C169E850017951F /* BallotTableViewController.m in Sources */ = {isa = PBXBuildFile; fileRef = ACDE69651C169E840017951F /* BallotTableViewController.m */; };
		ACDE69691C16A4200017951F /* Ballot.m in Sources */ = {isa = PBXBuildFile; fileRef = ACDE69681C16A4200017951F /* Ballot.m */; };
		ACDE696C1C16B48A0017951F /* CustomTableCell.m in Sources */ = {isa = PBXBuildFile; fileRef = ACDE696B1C16B48A0017951F /* CustomTableCell.m */; };
		ACF534521C12C66800854186 /* FavoritesViewController.m in Sources */ = {isa = PBXBuildFile; fileRef = ACF5344D1C12C66800854186 /* FavoritesViewController.m */; };
		ACF534541C12C66800854186 /* AboutUsViewController.m in Sources */ = {isa = PBXBuildFile; fileRef = ACF534501C12C66800854186 /* AboutUsViewController.m */; };
		ACF534571C12C69C00854186 /* SWRevealViewController.m in Sources */ = {isa = PBXBuildFile; fileRef = ACF534561C12C69C00854186 /* SWRevealViewController.m */; };
		ACF5345A1C12C86400854186 /* NavigationViewController.m in Sources */ = {isa = PBXBuildFile; fileRef = ACF534581C12C86400854186 /* NavigationViewController.m */; };
		D40D7D631BFBA8E4008C748D /* MapDetailedViewController.m in Sources */ = {isa = PBXBuildFile; fileRef = D40D7D621BFBA8E4008C748D /* MapDetailedViewController.m */; };
		D47FCD691C10EBA700DC0250 /* NSURLRequest+OAuth.m in Sources */ = {isa = PBXBuildFile; fileRef = D47FCD5E1C10EBA700DC0250 /* NSURLRequest+OAuth.m */; };
		D47FCD6A1C10EBA700DC0250 /* OMGFormURLEncode.m in Sources */ = {isa = PBXBuildFile; fileRef = D47FCD601C10EBA700DC0250 /* OMGFormURLEncode.m */; };
		D47FCD6B1C10EBA700DC0250 /* OMGHTTPURLRQ.m in Sources */ = {isa = PBXBuildFile; fileRef = D47FCD621C10EBA700DC0250 /* OMGHTTPURLRQ.m */; };
		D47FCD6C1C10EBA700DC0250 /* OMGUserAgent.m in Sources */ = {isa = PBXBuildFile; fileRef = D47FCD641C10EBA700DC0250 /* OMGUserAgent.m */; };
		D47FCD6D1C10EBA700DC0250 /* TDOAuth.m in Sources */ = {isa = PBXBuildFile; fileRef = D47FCD661C10EBA700DC0250 /* TDOAuth.m */; };
		D47FCD6E1C10EBA700DC0250 /* YPAPISample.m in Sources */ = {isa = PBXBuildFile; fileRef = D47FCD681C10EBA700DC0250 /* YPAPISample.m */; };
		D48E57C01BDF309F00B544FF /* CustomAnnotation.m in Sources */ = {isa = PBXBuildFile; fileRef = D48E57BF1BDF309F00B544FF /* CustomAnnotation.m */; };
		D4F2B90E1BBF12EE007F6955 /* main.m in Sources */ = {isa = PBXBuildFile; fileRef = D4F2B90D1BBF12EE007F6955 /* main.m */; };
		D4F2B9111BBF12EE007F6955 /* AppDelegate.m in Sources */ = {isa = PBXBuildFile; fileRef = D4F2B9101BBF12EE007F6955 /* AppDelegate.m */; };
		D4F2B9141BBF12EE007F6955 /* HomeViewController.m in Sources */ = {isa = PBXBuildFile; fileRef = D4F2B9131BBF12EE007F6955 /* HomeViewController.m */; };
		D4F2B9191BBF12EE007F6955 /* Assets.xcassets in Resources */ = {isa = PBXBuildFile; fileRef = D4F2B9181BBF12EE007F6955 /* Assets.xcassets */; };
		D4F2B91C1BBF12EE007F6955 /* LaunchScreen.storyboard in Resources */ = {isa = PBXBuildFile; fileRef = D4F2B91A1BBF12EE007F6955 /* LaunchScreen.storyboard */; };
		D4F2B9271BBF12EE007F6955 /* HomeViewControllerTest.m in Sources */ = {isa = PBXBuildFile; fileRef = D4F2B9261BBF12EE007F6955 /* HomeViewControllerTest.m */; };
		E10E4A2B1BE1AC55004932FD /* SettingsModalViewController.m in Sources */ = {isa = PBXBuildFile; fileRef = E10E4A2A1BE1AC55004932FD /* SettingsModalViewController.m */; };
		E13CA0A41C082C680070D2CA /* FormTextField.m in Sources */ = {isa = PBXBuildFile; fileRef = E13CA0A31C082C680070D2CA /* FormTextField.m */; };
		E13DE0461BFACE73000C9C30 /* .gitignore in Resources */ = {isa = PBXBuildFile; fileRef = E13DE0451BFACE73000C9C30 /* .gitignore */; };
		E14FA41C1C06FD0800E3FEB0 /* UITextField+Utilities.m in Sources */ = {isa = PBXBuildFile; fileRef = E14FA41B1C06FD0800E3FEB0 /* UITextField+Utilities.m */; };
		E1BAC4531C1658B600AE4035 /* Mailgun+Utilities.m in Sources */ = {isa = PBXBuildFile; fileRef = E1BAC4521C1658B600AE4035 /* Mailgun+Utilities.m */; };
		E1CE8FC01C052AAC000A9EE9 /* LoginFormViewController.m in Sources */ = {isa = PBXBuildFile; fileRef = E1CE8FBF1C052AAC000A9EE9 /* LoginFormViewController.m */; };
		E1CE8FC71C058323000A9EE9 /* railway.gif in Resources */ = {isa = PBXBuildFile; fileRef = E1CE8FC51C058323000A9EE9 /* railway.gif */; };
		E1CE8FC81C058323000A9EE9 /* video.mov in Resources */ = {isa = PBXBuildFile; fileRef = E1CE8FC61C058323000A9EE9 /* video.mov */; };
		E1D468BA1C0703D40080C855 /* UIButton+Utilities.m in Sources */ = {isa = PBXBuildFile; fileRef = E1D468B91C0703D40080C855 /* UIButton+Utilities.m */; };
		E1D8641E1BEDA11E00C772F6 /* Images.xcassets in Resources */ = {isa = PBXBuildFile; fileRef = E1D8641D1BEDA11E00C772F6 /* Images.xcassets */; };
		E1D89D771BF3B43000587796 /* MapViewControllerTest.m in Sources */ = {isa = PBXBuildFile; fileRef = E1D89D761BF3B43000587796 /* MapViewControllerTest.m */; };
		E1DF867C1BF10FED00935996 /* README.md in Sources */ = {isa = PBXBuildFile; fileRef = E1DF867B1BF10FED00935996 /* README.md */; };
		E1EA9D4D1C10BB5900573260 /* UserCustomAnnotation.m in Sources */ = {isa = PBXBuildFile; fileRef = E1EA9D4C1C10BB5900573260 /* UserCustomAnnotation.m */; };
		E1EA9D551C10BD3B00573260 /* SearchCustomAnnotation.m in Sources */ = {isa = PBXBuildFile; fileRef = E1EA9D541C10BD3B00573260 /* SearchCustomAnnotation.m */; };
		E1EA9D591C10EFC700573260 /* Main.storyboard in Resources */ = {isa = PBXBuildFile; fileRef = E1EA9D571C10EFC700573260 /* Main.storyboard */; };
		E1EA9D5E1C113EB900573260 /* NSString+APIKeys.m in Sources */ = {isa = PBXBuildFile; fileRef = E1EA9D5D1C113EB900573260 /* NSString+APIKeys.m */; };
		E1F5935B1BD4A6E700CC612D /* MapViewController.m in Sources */ = {isa = PBXBuildFile; fileRef = E1F5935A1BD4A6E700CC612D /* MapViewController.m */; };
		E1F5935E1BD4A7F100CC612D /* Query.m in Sources */ = {isa = PBXBuildFile; fileRef = E1F5935D1BD4A7F100CC612D /* Query.m */; };
		E1FD46D51C165652008101E1 /* Mailgun.m in Sources */ = {isa = PBXBuildFile; fileRef = E1FD46D21C165652008101E1 /* Mailgun.m */; };
		E1FD46D61C165652008101E1 /* MGMessage.m in Sources */ = {isa = PBXBuildFile; fileRef = E1FD46D41C165652008101E1 /* MGMessage.m */; };
		E1FD46EA1C16565C008101E1 /* AFHTTPClient.m in Sources */ = {isa = PBXBuildFile; fileRef = E1FD46D81C16565C008101E1 /* AFHTTPClient.m */; };
		E1FD46EB1C16565C008101E1 /* AFHTTPRequestOperation.m in Sources */ = {isa = PBXBuildFile; fileRef = E1FD46DA1C16565C008101E1 /* AFHTTPRequestOperation.m */; };
		E1FD46EC1C16565C008101E1 /* AFImageRequestOperation.m in Sources */ = {isa = PBXBuildFile; fileRef = E1FD46DC1C16565C008101E1 /* AFImageRequestOperation.m */; };
		E1FD46ED1C16565C008101E1 /* AFJSONRequestOperation.m in Sources */ = {isa = PBXBuildFile; fileRef = E1FD46DE1C16565C008101E1 /* AFJSONRequestOperation.m */; };
		E1FD46EE1C16565C008101E1 /* AFNetworkActivityIndicatorManager.m in Sources */ = {isa = PBXBuildFile; fileRef = E1FD46E01C16565C008101E1 /* AFNetworkActivityIndicatorManager.m */; };
		E1FD46EF1C16565C008101E1 /* AFPropertyListRequestOperation.m in Sources */ = {isa = PBXBuildFile; fileRef = E1FD46E31C16565C008101E1 /* AFPropertyListRequestOperation.m */; };
		E1FD46F01C16565C008101E1 /* AFURLConnectionOperation.m in Sources */ = {isa = PBXBuildFile; fileRef = E1FD46E51C16565C008101E1 /* AFURLConnectionOperation.m */; };
		E1FD46F11C16565C008101E1 /* AFXMLRequestOperation.m in Sources */ = {isa = PBXBuildFile; fileRef = E1FD46E71C16565C008101E1 /* AFXMLRequestOperation.m */; };
		E1FD46F21C16565C008101E1 /* UIImageView+AFNetworking.m in Sources */ = {isa = PBXBuildFile; fileRef = E1FD46E91C16565C008101E1 /* UIImageView+AFNetworking.m */; };
		E1FD71931C0C2E2D007245D3 /* MapKit.framework in Frameworks */ = {isa = PBXBuildFile; fileRef = E1FD71921C0C2E2D007245D3 /* MapKit.framework */; };
		E1FD71951C0C2E31007245D3 /* CoreLocation.framework in Frameworks */ = {isa = PBXBuildFile; fileRef = E1FD71941C0C2E31007245D3 /* CoreLocation.framework */; };
		E1FD71A31C0C2EAA007245D3 /* AudioToolbox.framework in Frameworks */ = {isa = PBXBuildFile; fileRef = E1FD71A21C0C2EAA007245D3 /* AudioToolbox.framework */; };
		E1FD71A51C0C2EAE007245D3 /* CFNetwork.framework in Frameworks */ = {isa = PBXBuildFile; fileRef = E1FD71A41C0C2EAE007245D3 /* CFNetwork.framework */; };
		E1FD71A71C0C2EB2007245D3 /* CoreGraphics.framework in Frameworks */ = {isa = PBXBuildFile; fileRef = E1FD71A61C0C2EB2007245D3 /* CoreGraphics.framework */; };
		E1FD71A91C0C2EBC007245D3 /* QuartzCore.framework in Frameworks */ = {isa = PBXBuildFile; fileRef = E1FD71A81C0C2EBC007245D3 /* QuartzCore.framework */; };
		E1FD71AB1C0C2EC1007245D3 /* Security.framework in Frameworks */ = {isa = PBXBuildFile; fileRef = E1FD71AA1C0C2EC1007245D3 /* Security.framework */; };
		E1FD71AD1C0C2EC5007245D3 /* StoreKit.framework in Frameworks */ = {isa = PBXBuildFile; fileRef = E1FD71AC1C0C2EC5007245D3 /* StoreKit.framework */; };
		E1FD71AF1C0C2EC8007245D3 /* SystemConfiguration.framework in Frameworks */ = {isa = PBXBuildFile; fileRef = E1FD71AE1C0C2EC8007245D3 /* SystemConfiguration.framework */; };
		E1FD71B51C0C2ED5007245D3 /* Accounts.framework in Frameworks */ = {isa = PBXBuildFile; fileRef = E1FD71B41C0C2ED5007245D3 /* Accounts.framework */; };
		E1FD71B71C0C2ED9007245D3 /* Social.framework in Frameworks */ = {isa = PBXBuildFile; fileRef = E1FD71B61C0C2ED9007245D3 /* Social.framework */; };
		E1FD71BA1C0C3084007245D3 /* UIKit.framework in Frameworks */ = {isa = PBXBuildFile; fileRef = E1FD71901C0C2E11007245D3 /* UIKit.framework */; };
		E1FD71CC1C0C3596007245D3 /* Bolts.framework in Frameworks */ = {isa = PBXBuildFile; fileRef = E1FD71C91C0C3596007245D3 /* Bolts.framework */; };
		E1FD71CD1C0C3596007245D3 /* Parse.framework in Frameworks */ = {isa = PBXBuildFile; fileRef = E1FD71CA1C0C3596007245D3 /* Parse.framework */; };
		E1FD71CE1C0C3596007245D3 /* ParseFacebookUtils.framework in Frameworks */ = {isa = PBXBuildFile; fileRef = E1FD71CB1C0C3596007245D3 /* ParseFacebookUtils.framework */; };
		E1FD71CF1C0C35D3007245D3 /* libsqlite3.tbd in Frameworks */ = {isa = PBXBuildFile; fileRef = E1FD71B21C0C2ED1007245D3 /* libsqlite3.tbd */; };
		E1FD71D01C0C35D9007245D3 /* libz.tbd in Frameworks */ = {isa = PBXBuildFile; fileRef = E1FD71B01C0C2ECD007245D3 /* libz.tbd */; };
		F457BEF81C1685F500830580 /* ubiq1.mov in Resources */ = {isa = PBXBuildFile; fileRef = F457BEEE1C1685F500830580 /* ubiq1.mov */; };
		F4782D891C1801810024BF1E /* Sequence.mov in Resources */ = {isa = PBXBuildFile; fileRef = F4782D881C1801810024BF1E /* Sequence.mov */; };
/* End PBXBuildFile section */

/* Begin PBXContainerItemProxy section */
		D4F2B9231BBF12EE007F6955 /* PBXContainerItemProxy */ = {
			isa = PBXContainerItemProxy;
			containerPortal = D4F2B9011BBF12EE007F6955 /* Project object */;
			proxyType = 1;
			remoteGlobalIDString = D4F2B9081BBF12EE007F6955;
			remoteInfo = UbiqProject;
		};
/* End PBXContainerItemProxy section */

/* Begin PBXFileReference section */
		9317A0D71C1769EA0093ED5D /* HistoryCustomCell.xib */ = {isa = PBXFileReference; fileEncoding = 4; lastKnownFileType = file.xib; path = HistoryCustomCell.xib; sourceTree = "<group>"; };
		9317A0D91C176A900093ED5D /* HistoryTableViewController.h */ = {isa = PBXFileReference; fileEncoding = 4; lastKnownFileType = sourcecode.c.h; path = HistoryTableViewController.h; sourceTree = "<group>"; };
		9317A0DA1C176A900093ED5D /* HistoryTableViewController.m */ = {isa = PBXFileReference; fileEncoding = 4; lastKnownFileType = sourcecode.c.objc; path = HistoryTableViewController.m; sourceTree = "<group>"; };
		9317A0DC1C176B6E0093ED5D /* HistoryTableViewCell.h */ = {isa = PBXFileReference; fileEncoding = 4; lastKnownFileType = sourcecode.c.h; path = HistoryTableViewCell.h; sourceTree = "<group>"; };
		9317A0DD1C176B6E0093ED5D /* HistoryTableViewCell.m */ = {isa = PBXFileReference; fileEncoding = 4; lastKnownFileType = sourcecode.c.objc; path = HistoryTableViewCell.m; sourceTree = "<group>"; };
		AC92CEF31C17EFE1002058D2 /* APIKeys.plist */ = {isa = PBXFileReference; fileEncoding = 4; lastKnownFileType = text.plist.xml; path = APIKeys.plist; sourceTree = "<group>"; };
		ACDE69641C169E840017951F /* BallotTableViewController.h */ = {isa = PBXFileReference; fileEncoding = 4; lastKnownFileType = sourcecode.c.h; name = BallotTableViewController.h; path = ../BallotTableViewController.h; sourceTree = "<group>"; };
		ACDE69651C169E840017951F /* BallotTableViewController.m */ = {isa = PBXFileReference; fileEncoding = 4; lastKnownFileType = sourcecode.c.objc; name = BallotTableViewController.m; path = ../BallotTableViewController.m; sourceTree = "<group>"; };
		ACDE69671C16A4200017951F /* Ballot.h */ = {isa = PBXFileReference; fileEncoding = 4; lastKnownFileType = sourcecode.c.h; path = Ballot.h; sourceTree = "<group>"; };
		ACDE69681C16A4200017951F /* Ballot.m */ = {isa = PBXFileReference; fileEncoding = 4; lastKnownFileType = sourcecode.c.objc; path = Ballot.m; sourceTree = "<group>"; };
		ACDE696A1C16B48A0017951F /* CustomTableCell.h */ = {isa = PBXFileReference; fileEncoding = 4; lastKnownFileType = sourcecode.c.h; path = CustomTableCell.h; sourceTree = "<group>"; };
		ACDE696B1C16B48A0017951F /* CustomTableCell.m */ = {isa = PBXFileReference; fileEncoding = 4; lastKnownFileType = sourcecode.c.objc; path = CustomTableCell.m; sourceTree = "<group>"; };
		ACF5344C1C12C66800854186 /* FavoritesViewController.h */ = {isa = PBXFileReference; fileEncoding = 4; lastKnownFileType = sourcecode.c.h; path = FavoritesViewController.h; sourceTree = "<group>"; };
		ACF5344D1C12C66800854186 /* FavoritesViewController.m */ = {isa = PBXFileReference; fileEncoding = 4; lastKnownFileType = sourcecode.c.objc; path = FavoritesViewController.m; sourceTree = "<group>"; };
		ACF534501C12C66800854186 /* AboutUsViewController.m */ = {isa = PBXFileReference; fileEncoding = 4; lastKnownFileType = sourcecode.c.objc; path = AboutUsViewController.m; sourceTree = "<group>"; };
		ACF534511C12C66800854186 /* AboutUsViewController.h */ = {isa = PBXFileReference; fileEncoding = 4; lastKnownFileType = sourcecode.c.h; path = AboutUsViewController.h; sourceTree = "<group>"; };
		ACF534551C12C69C00854186 /* SWRevealViewController.h */ = {isa = PBXFileReference; fileEncoding = 4; lastKnownFileType = sourcecode.c.h; path = SWRevealViewController.h; sourceTree = "<group>"; };
		ACF534561C12C69C00854186 /* SWRevealViewController.m */ = {isa = PBXFileReference; fileEncoding = 4; lastKnownFileType = sourcecode.c.objc; path = SWRevealViewController.m; sourceTree = "<group>"; };
		ACF534581C12C86400854186 /* NavigationViewController.m */ = {isa = PBXFileReference; fileEncoding = 4; lastKnownFileType = sourcecode.c.objc; path = NavigationViewController.m; sourceTree = "<group>"; };
		ACF534591C12C86400854186 /* NavigationViewController.h */ = {isa = PBXFileReference; fileEncoding = 4; lastKnownFileType = sourcecode.c.h; path = NavigationViewController.h; sourceTree = "<group>"; };
		D40D7D611BFBA8E4008C748D /* MapDetailedViewController.h */ = {isa = PBXFileReference; fileEncoding = 4; lastKnownFileType = sourcecode.c.h; path = MapDetailedViewController.h; sourceTree = "<group>"; };
		D40D7D621BFBA8E4008C748D /* MapDetailedViewController.m */ = {isa = PBXFileReference; fileEncoding = 4; lastKnownFileType = sourcecode.c.objc; path = MapDetailedViewController.m; sourceTree = "<group>"; };
		D47FCD5D1C10EBA700DC0250 /* NSURLRequest+OAuth.h */ = {isa = PBXFileReference; fileEncoding = 4; lastKnownFileType = sourcecode.c.h; path = "NSURLRequest+OAuth.h"; sourceTree = "<group>"; };
		D47FCD5E1C10EBA700DC0250 /* NSURLRequest+OAuth.m */ = {isa = PBXFileReference; fileEncoding = 4; lastKnownFileType = sourcecode.c.objc; path = "NSURLRequest+OAuth.m"; sourceTree = "<group>"; };
		D47FCD5F1C10EBA700DC0250 /* OMGFormURLEncode.h */ = {isa = PBXFileReference; fileEncoding = 4; lastKnownFileType = sourcecode.c.h; path = OMGFormURLEncode.h; sourceTree = "<group>"; };
		D47FCD601C10EBA700DC0250 /* OMGFormURLEncode.m */ = {isa = PBXFileReference; fileEncoding = 4; lastKnownFileType = sourcecode.c.objc; path = OMGFormURLEncode.m; sourceTree = "<group>"; };
		D47FCD611C10EBA700DC0250 /* OMGHTTPURLRQ.h */ = {isa = PBXFileReference; fileEncoding = 4; lastKnownFileType = sourcecode.c.h; path = OMGHTTPURLRQ.h; sourceTree = "<group>"; };
		D47FCD621C10EBA700DC0250 /* OMGHTTPURLRQ.m */ = {isa = PBXFileReference; fileEncoding = 4; lastKnownFileType = sourcecode.c.objc; path = OMGHTTPURLRQ.m; sourceTree = "<group>"; };
		D47FCD631C10EBA700DC0250 /* OMGUserAgent.h */ = {isa = PBXFileReference; fileEncoding = 4; lastKnownFileType = sourcecode.c.h; path = OMGUserAgent.h; sourceTree = "<group>"; };
		D47FCD641C10EBA700DC0250 /* OMGUserAgent.m */ = {isa = PBXFileReference; fileEncoding = 4; lastKnownFileType = sourcecode.c.objc; path = OMGUserAgent.m; sourceTree = "<group>"; };
		D47FCD651C10EBA700DC0250 /* TDOAuth.h */ = {isa = PBXFileReference; fileEncoding = 4; lastKnownFileType = sourcecode.c.h; path = TDOAuth.h; sourceTree = "<group>"; };
		D47FCD661C10EBA700DC0250 /* TDOAuth.m */ = {isa = PBXFileReference; fileEncoding = 4; lastKnownFileType = sourcecode.c.objc; path = TDOAuth.m; sourceTree = "<group>"; };
		D47FCD671C10EBA700DC0250 /* YPAPISample.h */ = {isa = PBXFileReference; fileEncoding = 4; lastKnownFileType = sourcecode.c.h; path = YPAPISample.h; sourceTree = "<group>"; };
		D47FCD681C10EBA700DC0250 /* YPAPISample.m */ = {isa = PBXFileReference; fileEncoding = 4; lastKnownFileType = sourcecode.c.objc; path = YPAPISample.m; sourceTree = "<group>"; };
		D48E57BE1BDF309F00B544FF /* CustomAnnotation.h */ = {isa = PBXFileReference; fileEncoding = 4; lastKnownFileType = sourcecode.c.h; path = CustomAnnotation.h; sourceTree = "<group>"; };
		D48E57BF1BDF309F00B544FF /* CustomAnnotation.m */ = {isa = PBXFileReference; fileEncoding = 4; lastKnownFileType = sourcecode.c.objc; path = CustomAnnotation.m; sourceTree = "<group>"; };
		D4F2B9091BBF12EE007F6955 /* UbiqProject.app */ = {isa = PBXFileReference; explicitFileType = wrapper.application; includeInIndex = 0; path = UbiqProject.app; sourceTree = BUILT_PRODUCTS_DIR; };
		D4F2B90D1BBF12EE007F6955 /* main.m */ = {isa = PBXFileReference; lastKnownFileType = sourcecode.c.objc; path = main.m; sourceTree = "<group>"; };
		D4F2B90F1BBF12EE007F6955 /* AppDelegate.h */ = {isa = PBXFileReference; lastKnownFileType = sourcecode.c.h; path = AppDelegate.h; sourceTree = "<group>"; };
		D4F2B9101BBF12EE007F6955 /* AppDelegate.m */ = {isa = PBXFileReference; lastKnownFileType = sourcecode.c.objc; path = AppDelegate.m; sourceTree = "<group>"; };
		D4F2B9121BBF12EE007F6955 /* HomeViewController.h */ = {isa = PBXFileReference; lastKnownFileType = sourcecode.c.h; path = HomeViewController.h; sourceTree = "<group>"; };
		D4F2B9131BBF12EE007F6955 /* HomeViewController.m */ = {isa = PBXFileReference; lastKnownFileType = sourcecode.c.objc; path = HomeViewController.m; sourceTree = "<group>"; };
		D4F2B9181BBF12EE007F6955 /* Assets.xcassets */ = {isa = PBXFileReference; lastKnownFileType = folder.assetcatalog; path = Assets.xcassets; sourceTree = "<group>"; };
		D4F2B91B1BBF12EE007F6955 /* Base */ = {isa = PBXFileReference; lastKnownFileType = file.storyboard; name = Base; path = Base.lproj/LaunchScreen.storyboard; sourceTree = "<group>"; };
		D4F2B91D1BBF12EE007F6955 /* Info.plist */ = {isa = PBXFileReference; lastKnownFileType = text.plist.xml; path = Info.plist; sourceTree = "<group>"; };
		D4F2B9221BBF12EE007F6955 /* UbiqProjectTests.xctest */ = {isa = PBXFileReference; explicitFileType = wrapper.cfbundle; includeInIndex = 0; path = UbiqProjectTests.xctest; sourceTree = BUILT_PRODUCTS_DIR; };
		D4F2B9261BBF12EE007F6955 /* HomeViewControllerTest.m */ = {isa = PBXFileReference; lastKnownFileType = sourcecode.c.objc; path = HomeViewControllerTest.m; sourceTree = "<group>"; };
		D4F2B9281BBF12EE007F6955 /* Info.plist */ = {isa = PBXFileReference; lastKnownFileType = text.plist.xml; path = Info.plist; sourceTree = "<group>"; };
		E10E4A291BE1AC55004932FD /* SettingsModalViewController.h */ = {isa = PBXFileReference; fileEncoding = 4; lastKnownFileType = sourcecode.c.h; path = SettingsModalViewController.h; sourceTree = "<group>"; };
		E10E4A2A1BE1AC55004932FD /* SettingsModalViewController.m */ = {isa = PBXFileReference; fileEncoding = 4; lastKnownFileType = sourcecode.c.objc; path = SettingsModalViewController.m; sourceTree = "<group>"; };
		E13CA0A21C082C680070D2CA /* FormTextField.h */ = {isa = PBXFileReference; fileEncoding = 4; lastKnownFileType = sourcecode.c.h; path = FormTextField.h; sourceTree = "<group>"; };
		E13CA0A31C082C680070D2CA /* FormTextField.m */ = {isa = PBXFileReference; fileEncoding = 4; lastKnownFileType = sourcecode.c.objc; path = FormTextField.m; sourceTree = "<group>"; };
		E13DE0451BFACE73000C9C30 /* .gitignore */ = {isa = PBXFileReference; fileEncoding = 4; lastKnownFileType = text; path = .gitignore; sourceTree = "<group>"; };
		E14FA41A1C06FD0800E3FEB0 /* UITextField+Utilities.h */ = {isa = PBXFileReference; fileEncoding = 4; lastKnownFileType = sourcecode.c.h; path = "UITextField+Utilities.h"; sourceTree = "<group>"; };
		E14FA41B1C06FD0800E3FEB0 /* UITextField+Utilities.m */ = {isa = PBXFileReference; fileEncoding = 4; lastKnownFileType = sourcecode.c.objc; path = "UITextField+Utilities.m"; sourceTree = "<group>"; };
		E1BAC4511C1658B600AE4035 /* Mailgun+Utilities.h */ = {isa = PBXFileReference; fileEncoding = 4; lastKnownFileType = sourcecode.c.h; path = "Mailgun+Utilities.h"; sourceTree = "<group>"; };
		E1BAC4521C1658B600AE4035 /* Mailgun+Utilities.m */ = {isa = PBXFileReference; fileEncoding = 4; lastKnownFileType = sourcecode.c.objc; path = "Mailgun+Utilities.m"; sourceTree = "<group>"; };
		E1CE8FBE1C052AAC000A9EE9 /* LoginFormViewController.h */ = {isa = PBXFileReference; fileEncoding = 4; lastKnownFileType = sourcecode.c.h; path = LoginFormViewController.h; sourceTree = "<group>"; };
		E1CE8FBF1C052AAC000A9EE9 /* LoginFormViewController.m */ = {isa = PBXFileReference; fileEncoding = 4; lastKnownFileType = sourcecode.c.objc; path = LoginFormViewController.m; sourceTree = "<group>"; };
		E1CE8FC51C058323000A9EE9 /* railway.gif */ = {isa = PBXFileReference; lastKnownFileType = image.gif; path = railway.gif; sourceTree = "<group>"; };
		E1CE8FC61C058323000A9EE9 /* video.mov */ = {isa = PBXFileReference; lastKnownFileType = video.quicktime; path = video.mov; sourceTree = "<group>"; };
		E1D468B81C0703D40080C855 /* UIButton+Utilities.h */ = {isa = PBXFileReference; fileEncoding = 4; lastKnownFileType = sourcecode.c.h; path = "UIButton+Utilities.h"; sourceTree = "<group>"; };
		E1D468B91C0703D40080C855 /* UIButton+Utilities.m */ = {isa = PBXFileReference; fileEncoding = 4; lastKnownFileType = sourcecode.c.objc; path = "UIButton+Utilities.m"; sourceTree = "<group>"; };
		E1D8641D1BEDA11E00C772F6 /* Images.xcassets */ = {isa = PBXFileReference; lastKnownFileType = folder.assetcatalog; path = Images.xcassets; sourceTree = "<group>"; };
		E1D89D761BF3B43000587796 /* MapViewControllerTest.m */ = {isa = PBXFileReference; fileEncoding = 4; lastKnownFileType = sourcecode.c.objc; path = MapViewControllerTest.m; sourceTree = "<group>"; };
		E1DF867B1BF10FED00935996 /* README.md */ = {isa = PBXFileReference; fileEncoding = 4; lastKnownFileType = net.daringfireball.markdown; path = README.md; sourceTree = "<group>"; };
		E1EA9D4B1C10BB5900573260 /* UserCustomAnnotation.h */ = {isa = PBXFileReference; fileEncoding = 4; lastKnownFileType = sourcecode.c.h; path = UserCustomAnnotation.h; sourceTree = "<group>"; };
		E1EA9D4C1C10BB5900573260 /* UserCustomAnnotation.m */ = {isa = PBXFileReference; fileEncoding = 4; lastKnownFileType = sourcecode.c.objc; path = UserCustomAnnotation.m; sourceTree = "<group>"; };
		E1EA9D541C10BD3B00573260 /* SearchCustomAnnotation.m */ = {isa = PBXFileReference; lastKnownFileType = sourcecode.c.objc; path = SearchCustomAnnotation.m; sourceTree = "<group>"; };
		E1EA9D561C10BDD900573260 /* SearchCustomAnnotation.h */ = {isa = PBXFileReference; lastKnownFileType = sourcecode.c.h; path = SearchCustomAnnotation.h; sourceTree = "<group>"; };
		E1EA9D581C10EFC700573260 /* Base */ = {isa = PBXFileReference; lastKnownFileType = file.storyboard; name = Base; path = Base.lproj/Main.storyboard; sourceTree = "<group>"; };
		E1EA9D5C1C113EB900573260 /* NSString+APIKeys.h */ = {isa = PBXFileReference; fileEncoding = 4; lastKnownFileType = sourcecode.c.h; path = "NSString+APIKeys.h"; sourceTree = "<group>"; };
		E1EA9D5D1C113EB900573260 /* NSString+APIKeys.m */ = {isa = PBXFileReference; fileEncoding = 4; lastKnownFileType = sourcecode.c.objc; path = "NSString+APIKeys.m"; sourceTree = "<group>"; };
		E1F593591BD4A6E700CC612D /* MapViewController.h */ = {isa = PBXFileReference; fileEncoding = 4; lastKnownFileType = sourcecode.c.h; path = MapViewController.h; sourceTree = "<group>"; };
		E1F5935A1BD4A6E700CC612D /* MapViewController.m */ = {isa = PBXFileReference; fileEncoding = 4; lastKnownFileType = sourcecode.c.objc; path = MapViewController.m; sourceTree = "<group>"; };
		E1F5935C1BD4A7F100CC612D /* Query.h */ = {isa = PBXFileReference; fileEncoding = 4; lastKnownFileType = sourcecode.c.h; path = Query.h; sourceTree = "<group>"; };
		E1F5935D1BD4A7F100CC612D /* Query.m */ = {isa = PBXFileReference; fileEncoding = 4; lastKnownFileType = sourcecode.c.objc; path = Query.m; sourceTree = "<group>"; };
		E1FD46D11C165652008101E1 /* Mailgun.h */ = {isa = PBXFileReference; fileEncoding = 4; lastKnownFileType = sourcecode.c.h; path = Mailgun.h; sourceTree = "<group>"; };
		E1FD46D21C165652008101E1 /* Mailgun.m */ = {isa = PBXFileReference; fileEncoding = 4; lastKnownFileType = sourcecode.c.objc; path = Mailgun.m; sourceTree = "<group>"; };
		E1FD46D31C165652008101E1 /* MGMessage.h */ = {isa = PBXFileReference; fileEncoding = 4; lastKnownFileType = sourcecode.c.h; path = MGMessage.h; sourceTree = "<group>"; };
		E1FD46D41C165652008101E1 /* MGMessage.m */ = {isa = PBXFileReference; fileEncoding = 4; lastKnownFileType = sourcecode.c.objc; path = MGMessage.m; sourceTree = "<group>"; };
		E1FD46D71C16565C008101E1 /* AFHTTPClient.h */ = {isa = PBXFileReference; fileEncoding = 4; lastKnownFileType = sourcecode.c.h; path = AFHTTPClient.h; sourceTree = "<group>"; };
		E1FD46D81C16565C008101E1 /* AFHTTPClient.m */ = {isa = PBXFileReference; fileEncoding = 4; lastKnownFileType = sourcecode.c.objc; path = AFHTTPClient.m; sourceTree = "<group>"; };
		E1FD46D91C16565C008101E1 /* AFHTTPRequestOperation.h */ = {isa = PBXFileReference; fileEncoding = 4; lastKnownFileType = sourcecode.c.h; path = AFHTTPRequestOperation.h; sourceTree = "<group>"; };
		E1FD46DA1C16565C008101E1 /* AFHTTPRequestOperation.m */ = {isa = PBXFileReference; fileEncoding = 4; lastKnownFileType = sourcecode.c.objc; path = AFHTTPRequestOperation.m; sourceTree = "<group>"; };
		E1FD46DB1C16565C008101E1 /* AFImageRequestOperation.h */ = {isa = PBXFileReference; fileEncoding = 4; lastKnownFileType = sourcecode.c.h; path = AFImageRequestOperation.h; sourceTree = "<group>"; };
		E1FD46DC1C16565C008101E1 /* AFImageRequestOperation.m */ = {isa = PBXFileReference; fileEncoding = 4; lastKnownFileType = sourcecode.c.objc; path = AFImageRequestOperation.m; sourceTree = "<group>"; };
		E1FD46DD1C16565C008101E1 /* AFJSONRequestOperation.h */ = {isa = PBXFileReference; fileEncoding = 4; lastKnownFileType = sourcecode.c.h; path = AFJSONRequestOperation.h; sourceTree = "<group>"; };
		E1FD46DE1C16565C008101E1 /* AFJSONRequestOperation.m */ = {isa = PBXFileReference; fileEncoding = 4; lastKnownFileType = sourcecode.c.objc; path = AFJSONRequestOperation.m; sourceTree = "<group>"; };
		E1FD46DF1C16565C008101E1 /* AFNetworkActivityIndicatorManager.h */ = {isa = PBXFileReference; fileEncoding = 4; lastKnownFileType = sourcecode.c.h; path = AFNetworkActivityIndicatorManager.h; sourceTree = "<group>"; };
		E1FD46E01C16565C008101E1 /* AFNetworkActivityIndicatorManager.m */ = {isa = PBXFileReference; fileEncoding = 4; lastKnownFileType = sourcecode.c.objc; path = AFNetworkActivityIndicatorManager.m; sourceTree = "<group>"; };
		E1FD46E11C16565C008101E1 /* AFNetworking.h */ = {isa = PBXFileReference; fileEncoding = 4; lastKnownFileType = sourcecode.c.h; path = AFNetworking.h; sourceTree = "<group>"; };
		E1FD46E21C16565C008101E1 /* AFPropertyListRequestOperation.h */ = {isa = PBXFileReference; fileEncoding = 4; lastKnownFileType = sourcecode.c.h; path = AFPropertyListRequestOperation.h; sourceTree = "<group>"; };
		E1FD46E31C16565C008101E1 /* AFPropertyListRequestOperation.m */ = {isa = PBXFileReference; fileEncoding = 4; lastKnownFileType = sourcecode.c.objc; path = AFPropertyListRequestOperation.m; sourceTree = "<group>"; };
		E1FD46E41C16565C008101E1 /* AFURLConnectionOperation.h */ = {isa = PBXFileReference; fileEncoding = 4; lastKnownFileType = sourcecode.c.h; path = AFURLConnectionOperation.h; sourceTree = "<group>"; };
		E1FD46E51C16565C008101E1 /* AFURLConnectionOperation.m */ = {isa = PBXFileReference; fileEncoding = 4; lastKnownFileType = sourcecode.c.objc; path = AFURLConnectionOperation.m; sourceTree = "<group>"; };
		E1FD46E61C16565C008101E1 /* AFXMLRequestOperation.h */ = {isa = PBXFileReference; fileEncoding = 4; lastKnownFileType = sourcecode.c.h; path = AFXMLRequestOperation.h; sourceTree = "<group>"; };
		E1FD46E71C16565C008101E1 /* AFXMLRequestOperation.m */ = {isa = PBXFileReference; fileEncoding = 4; lastKnownFileType = sourcecode.c.objc; path = AFXMLRequestOperation.m; sourceTree = "<group>"; };
		E1FD46E81C16565C008101E1 /* UIImageView+AFNetworking.h */ = {isa = PBXFileReference; fileEncoding = 4; lastKnownFileType = sourcecode.c.h; path = "UIImageView+AFNetworking.h"; sourceTree = "<group>"; };
		E1FD46E91C16565C008101E1 /* UIImageView+AFNetworking.m */ = {isa = PBXFileReference; fileEncoding = 4; lastKnownFileType = sourcecode.c.objc; path = "UIImageView+AFNetworking.m"; sourceTree = "<group>"; };
		E1FD71901C0C2E11007245D3 /* UIKit.framework */ = {isa = PBXFileReference; lastKnownFileType = wrapper.framework; name = UIKit.framework; path = System/Library/Frameworks/UIKit.framework; sourceTree = SDKROOT; };
		E1FD71921C0C2E2D007245D3 /* MapKit.framework */ = {isa = PBXFileReference; lastKnownFileType = wrapper.framework; name = MapKit.framework; path = System/Library/Frameworks/MapKit.framework; sourceTree = SDKROOT; };
		E1FD71941C0C2E31007245D3 /* CoreLocation.framework */ = {isa = PBXFileReference; lastKnownFileType = wrapper.framework; name = CoreLocation.framework; path = System/Library/Frameworks/CoreLocation.framework; sourceTree = SDKROOT; };
		E1FD71A21C0C2EAA007245D3 /* AudioToolbox.framework */ = {isa = PBXFileReference; lastKnownFileType = wrapper.framework; name = AudioToolbox.framework; path = System/Library/Frameworks/AudioToolbox.framework; sourceTree = SDKROOT; };
		E1FD71A41C0C2EAE007245D3 /* CFNetwork.framework */ = {isa = PBXFileReference; lastKnownFileType = wrapper.framework; name = CFNetwork.framework; path = System/Library/Frameworks/CFNetwork.framework; sourceTree = SDKROOT; };
		E1FD71A61C0C2EB2007245D3 /* CoreGraphics.framework */ = {isa = PBXFileReference; lastKnownFileType = wrapper.framework; name = CoreGraphics.framework; path = System/Library/Frameworks/CoreGraphics.framework; sourceTree = SDKROOT; };
		E1FD71A81C0C2EBC007245D3 /* QuartzCore.framework */ = {isa = PBXFileReference; lastKnownFileType = wrapper.framework; name = QuartzCore.framework; path = System/Library/Frameworks/QuartzCore.framework; sourceTree = SDKROOT; };
		E1FD71AA1C0C2EC1007245D3 /* Security.framework */ = {isa = PBXFileReference; lastKnownFileType = wrapper.framework; name = Security.framework; path = System/Library/Frameworks/Security.framework; sourceTree = SDKROOT; };
		E1FD71AC1C0C2EC5007245D3 /* StoreKit.framework */ = {isa = PBXFileReference; lastKnownFileType = wrapper.framework; name = StoreKit.framework; path = System/Library/Frameworks/StoreKit.framework; sourceTree = SDKROOT; };
		E1FD71AE1C0C2EC8007245D3 /* SystemConfiguration.framework */ = {isa = PBXFileReference; lastKnownFileType = wrapper.framework; name = SystemConfiguration.framework; path = System/Library/Frameworks/SystemConfiguration.framework; sourceTree = SDKROOT; };
		E1FD71B01C0C2ECD007245D3 /* libz.tbd */ = {isa = PBXFileReference; lastKnownFileType = "sourcecode.text-based-dylib-definition"; name = libz.tbd; path = usr/lib/libz.tbd; sourceTree = SDKROOT; };
		E1FD71B21C0C2ED1007245D3 /* libsqlite3.tbd */ = {isa = PBXFileReference; lastKnownFileType = "sourcecode.text-based-dylib-definition"; name = libsqlite3.tbd; path = usr/lib/libsqlite3.tbd; sourceTree = SDKROOT; };
		E1FD71B41C0C2ED5007245D3 /* Accounts.framework */ = {isa = PBXFileReference; lastKnownFileType = wrapper.framework; name = Accounts.framework; path = System/Library/Frameworks/Accounts.framework; sourceTree = SDKROOT; };
		E1FD71B61C0C2ED9007245D3 /* Social.framework */ = {isa = PBXFileReference; lastKnownFileType = wrapper.framework; name = Social.framework; path = System/Library/Frameworks/Social.framework; sourceTree = SDKROOT; };
		E1FD71C91C0C3596007245D3 /* Bolts.framework */ = {isa = PBXFileReference; lastKnownFileType = wrapper.framework; path = Bolts.framework; sourceTree = "<group>"; };
		E1FD71CA1C0C3596007245D3 /* Parse.framework */ = {isa = PBXFileReference; lastKnownFileType = wrapper.framework; path = Parse.framework; sourceTree = "<group>"; };
		E1FD71CB1C0C3596007245D3 /* ParseFacebookUtils.framework */ = {isa = PBXFileReference; lastKnownFileType = wrapper.framework; path = ParseFacebookUtils.framework; sourceTree = "<group>"; };
		F457BEEE1C1685F500830580 /* ubiq1.mov */ = {isa = PBXFileReference; lastKnownFileType = video.quicktime; path = ubiq1.mov; sourceTree = "<group>"; };
		F4782D881C1801810024BF1E /* Sequence.mov */ = {isa = PBXFileReference; lastKnownFileType = video.quicktime; path = Sequence.mov; sourceTree = "<group>"; };
/* End PBXFileReference section */

/* Begin PBXFrameworksBuildPhase section */
		D4F2B9061BBF12EE007F6955 /* Frameworks */ = {
			isa = PBXFrameworksBuildPhase;
			buildActionMask = 2147483647;
			files = (
				E1FD71D01C0C35D9007245D3 /* libz.tbd in Frameworks */,
				E1FD71CF1C0C35D3007245D3 /* libsqlite3.tbd in Frameworks */,
				E1FD71BA1C0C3084007245D3 /* UIKit.framework in Frameworks */,
				E1FD71B71C0C2ED9007245D3 /* Social.framework in Frameworks */,
				E1FD71B51C0C2ED5007245D3 /* Accounts.framework in Frameworks */,
				E1FD71AF1C0C2EC8007245D3 /* SystemConfiguration.framework in Frameworks */,
				E1FD71AD1C0C2EC5007245D3 /* StoreKit.framework in Frameworks */,
				E1FD71AB1C0C2EC1007245D3 /* Security.framework in Frameworks */,
				E1FD71A91C0C2EBC007245D3 /* QuartzCore.framework in Frameworks */,
				E1FD71CC1C0C3596007245D3 /* Bolts.framework in Frameworks */,
				E1FD71CE1C0C3596007245D3 /* ParseFacebookUtils.framework in Frameworks */,
				E1FD71951C0C2E31007245D3 /* CoreLocation.framework in Frameworks */,
				E1FD71A71C0C2EB2007245D3 /* CoreGraphics.framework in Frameworks */,
				E1FD71CD1C0C3596007245D3 /* Parse.framework in Frameworks */,
				E1FD71A51C0C2EAE007245D3 /* CFNetwork.framework in Frameworks */,
				E1FD71A31C0C2EAA007245D3 /* AudioToolbox.framework in Frameworks */,
				E1FD71931C0C2E2D007245D3 /* MapKit.framework in Frameworks */,
			);
			runOnlyForDeploymentPostprocessing = 0;
		};
		D4F2B91F1BBF12EE007F6955 /* Frameworks */ = {
			isa = PBXFrameworksBuildPhase;
			buildActionMask = 2147483647;
			files = (
			);
			runOnlyForDeploymentPostprocessing = 0;
		};
/* End PBXFrameworksBuildPhase section */

/* Begin PBXGroup section */
		D4F2B9001BBF12EE007F6955 = {
			isa = PBXGroup;
			children = (
				E1FD71BC1C0C3300007245D3 /* Frameworks */,
				E13DE0451BFACE73000C9C30 /* .gitignore */,
				E1DF867B1BF10FED00935996 /* README.md */,
				D4F2B90B1BBF12EE007F6955 /* UbiqProject */,
				D4F2B9251BBF12EE007F6955 /* UbiqProjectTests */,
				D4F2B90A1BBF12EE007F6955 /* Products */,
			);
			sourceTree = "<group>";
		};
		D4F2B90A1BBF12EE007F6955 /* Products */ = {
			isa = PBXGroup;
			children = (
				D4F2B9091BBF12EE007F6955 /* UbiqProject.app */,
				D4F2B9221BBF12EE007F6955 /* UbiqProjectTests.xctest */,
			);
			name = Products;
			sourceTree = "<group>";
		};
		D4F2B90B1BBF12EE007F6955 /* UbiqProject */ = {
			isa = PBXGroup;
			children = (
				9317A0D71C1769EA0093ED5D /* HistoryCustomCell.xib */,
				9317A0DC1C176B6E0093ED5D /* HistoryTableViewCell.h */,
				9317A0DD1C176B6E0093ED5D /* HistoryTableViewCell.m */,
				9317A0D91C176A900093ED5D /* HistoryTableViewController.h */,
				9317A0DA1C176A900093ED5D /* HistoryTableViewController.m */,
				ACDE69641C169E840017951F /* BallotTableViewController.h */,
				ACDE69651C169E840017951F /* BallotTableViewController.m */,
				ACDE696A1C16B48A0017951F /* CustomTableCell.h */,
				ACDE696B1C16B48A0017951F /* CustomTableCell.m */,
				ACDE69671C16A4200017951F /* Ballot.h */,
				ACDE69681C16A4200017951F /* Ballot.m */,
				ACF534581C12C86400854186 /* NavigationViewController.m */,
				ACF534591C12C86400854186 /* NavigationViewController.h */,
				ACF534551C12C69C00854186 /* SWRevealViewController.h */,
				ACF534561C12C69C00854186 /* SWRevealViewController.m */,
				ACF5344C1C12C66800854186 /* FavoritesViewController.h */,
				ACF5344D1C12C66800854186 /* FavoritesViewController.m */,
				ACF534501C12C66800854186 /* AboutUsViewController.m */,
				ACF534511C12C66800854186 /* AboutUsViewController.h */,
				E1EA9D571C10EFC700573260 /* Main.storyboard */,
				E1D8641D1BEDA11E00C772F6 /* Images.xcassets */,
				D4F2B90F1BBF12EE007F6955 /* AppDelegate.h */,
				D4F2B9101BBF12EE007F6955 /* AppDelegate.m */,
				E1BAC4511C1658B600AE4035 /* Mailgun+Utilities.h */,
				E1BAC4521C1658B600AE4035 /* Mailgun+Utilities.m */,
				D4F2B9121BBF12EE007F6955 /* HomeViewController.h */,
				D4F2B9131BBF12EE007F6955 /* HomeViewController.m */,
				D40D7D611BFBA8E4008C748D /* MapDetailedViewController.h */,
				D40D7D621BFBA8E4008C748D /* MapDetailedViewController.m */,
				E1F593591BD4A6E700CC612D /* MapViewController.h */,
				E1F5935A1BD4A6E700CC612D /* MapViewController.m */,
				D48E57BE1BDF309F00B544FF /* CustomAnnotation.h */,
				D48E57BF1BDF309F00B544FF /* CustomAnnotation.m */,
				E1CE8FBE1C052AAC000A9EE9 /* LoginFormViewController.h */,
				E1CE8FBF1C052AAC000A9EE9 /* LoginFormViewController.m */,
				E10E4A291BE1AC55004932FD /* SettingsModalViewController.h */,
				E10E4A2A1BE1AC55004932FD /* SettingsModalViewController.m */,
				E1D468B81C0703D40080C855 /* UIButton+Utilities.h */,
				E1D468B91C0703D40080C855 /* UIButton+Utilities.m */,
				E14FA41A1C06FD0800E3FEB0 /* UITextField+Utilities.h */,
				E14FA41B1C06FD0800E3FEB0 /* UITextField+Utilities.m */,
				E13CA0A21C082C680070D2CA /* FormTextField.h */,
				E13CA0A31C082C680070D2CA /* FormTextField.m */,
				E1EA9D561C10BDD900573260 /* SearchCustomAnnotation.h */,
				E1EA9D541C10BD3B00573260 /* SearchCustomAnnotation.m */,
				E1EA9D4B1C10BB5900573260 /* UserCustomAnnotation.h */,
				E1EA9D4C1C10BB5900573260 /* UserCustomAnnotation.m */,
				E1F5935C1BD4A7F100CC612D /* Query.h */,
				E1F5935D1BD4A7F100CC612D /* Query.m */,
				E1EA9D5C1C113EB900573260 /* NSString+APIKeys.h */,
				E1EA9D5D1C113EB900573260 /* NSString+APIKeys.m */,
				D4F2B9181BBF12EE007F6955 /* Assets.xcassets */,
				D4F2B91A1BBF12EE007F6955 /* LaunchScreen.storyboard */,
				D4F2B91D1BBF12EE007F6955 /* Info.plist */,
				D4F2B90C1BBF12EE007F6955 /* Supporting Files */,
			);
			path = UbiqProject;
			sourceTree = "<group>";
		};
		D4F2B90C1BBF12EE007F6955 /* Supporting Files */ = {
			isa = PBXGroup;
			children = (
				AC92CEF31C17EFE1002058D2 /* APIKeys.plist */,
				E1FD46D71C16565C008101E1 /* AFHTTPClient.h */,
				E1FD46D81C16565C008101E1 /* AFHTTPClient.m */,
				E1FD46D91C16565C008101E1 /* AFHTTPRequestOperation.h */,
				E1FD46DA1C16565C008101E1 /* AFHTTPRequestOperation.m */,
				E1FD46DB1C16565C008101E1 /* AFImageRequestOperation.h */,
				E1FD46DC1C16565C008101E1 /* AFImageRequestOperation.m */,
				E1FD46DD1C16565C008101E1 /* AFJSONRequestOperation.h */,
				E1FD46DE1C16565C008101E1 /* AFJSONRequestOperation.m */,
				E1FD46DF1C16565C008101E1 /* AFNetworkActivityIndicatorManager.h */,
				E1FD46E01C16565C008101E1 /* AFNetworkActivityIndicatorManager.m */,
				E1FD46E11C16565C008101E1 /* AFNetworking.h */,
				E1FD46E21C16565C008101E1 /* AFPropertyListRequestOperation.h */,
				E1FD46E31C16565C008101E1 /* AFPropertyListRequestOperation.m */,
				E1FD46E41C16565C008101E1 /* AFURLConnectionOperation.h */,
				E1FD46E51C16565C008101E1 /* AFURLConnectionOperation.m */,
				E1FD46E61C16565C008101E1 /* AFXMLRequestOperation.h */,
				E1FD46E71C16565C008101E1 /* AFXMLRequestOperation.m */,
				E1FD46E81C16565C008101E1 /* UIImageView+AFNetworking.h */,
				E1FD46E91C16565C008101E1 /* UIImageView+AFNetworking.m */,
				E1FD46D11C165652008101E1 /* Mailgun.h */,
				E1FD46D21C165652008101E1 /* Mailgun.m */,
				E1FD46D31C165652008101E1 /* MGMessage.h */,
				E1FD46D41C165652008101E1 /* MGMessage.m */,
				D47FCD5D1C10EBA700DC0250 /* NSURLRequest+OAuth.h */,
				D47FCD5E1C10EBA700DC0250 /* NSURLRequest+OAuth.m */,
				D47FCD5F1C10EBA700DC0250 /* OMGFormURLEncode.h */,
				D47FCD601C10EBA700DC0250 /* OMGFormURLEncode.m */,
				D47FCD611C10EBA700DC0250 /* OMGHTTPURLRQ.h */,
				D47FCD621C10EBA700DC0250 /* OMGHTTPURLRQ.m */,
				D47FCD631C10EBA700DC0250 /* OMGUserAgent.h */,
				D47FCD641C10EBA700DC0250 /* OMGUserAgent.m */,
				D47FCD651C10EBA700DC0250 /* TDOAuth.h */,
				D47FCD661C10EBA700DC0250 /* TDOAuth.m */,
				D47FCD671C10EBA700DC0250 /* YPAPISample.h */,
				D47FCD681C10EBA700DC0250 /* YPAPISample.m */,
				E1CE8FC51C058323000A9EE9 /* railway.gif */,
				E1CE8FC61C058323000A9EE9 /* video.mov */,
				D4F2B90D1BBF12EE007F6955 /* main.m */,
				F4782D881C1801810024BF1E /* Sequence.mov */,
				F457BEEE1C1685F500830580 /* ubiq1.mov */,
			);
			name = "Supporting Files";
			sourceTree = "<group>";
		};
		D4F2B9251BBF12EE007F6955 /* UbiqProjectTests */ = {
			isa = PBXGroup;
			children = (
				D4F2B9261BBF12EE007F6955 /* HomeViewControllerTest.m */,
				D4F2B9281BBF12EE007F6955 /* Info.plist */,
				E1D89D761BF3B43000587796 /* MapViewControllerTest.m */,
			);
			path = UbiqProjectTests;
			sourceTree = "<group>";
		};
		E1FD71BC1C0C3300007245D3 /* Frameworks */ = {
			isa = PBXGroup;
			children = (
				E1FD71C91C0C3596007245D3 /* Bolts.framework */,
				E1FD71CA1C0C3596007245D3 /* Parse.framework */,
				E1FD71CB1C0C3596007245D3 /* ParseFacebookUtils.framework */,
				E1FD71B61C0C2ED9007245D3 /* Social.framework */,
				E1FD71B41C0C2ED5007245D3 /* Accounts.framework */,
				E1FD71B21C0C2ED1007245D3 /* libsqlite3.tbd */,
				E1FD71B01C0C2ECD007245D3 /* libz.tbd */,
				E1FD71AE1C0C2EC8007245D3 /* SystemConfiguration.framework */,
				E1FD71AC1C0C2EC5007245D3 /* StoreKit.framework */,
				E1FD71AA1C0C2EC1007245D3 /* Security.framework */,
				E1FD71A81C0C2EBC007245D3 /* QuartzCore.framework */,
				E1FD71A61C0C2EB2007245D3 /* CoreGraphics.framework */,
				E1FD71A41C0C2EAE007245D3 /* CFNetwork.framework */,
				E1FD71A21C0C2EAA007245D3 /* AudioToolbox.framework */,
				E1FD71941C0C2E31007245D3 /* CoreLocation.framework */,
				E1FD71921C0C2E2D007245D3 /* MapKit.framework */,
				E1FD71901C0C2E11007245D3 /* UIKit.framework */,
			);
			name = Frameworks;
			sourceTree = "<group>";
		};
/* End PBXGroup section */

/* Begin PBXNativeTarget section */
		D4F2B9081BBF12EE007F6955 /* UbiqProject */ = {
			isa = PBXNativeTarget;
			buildConfigurationList = D4F2B92B1BBF12EE007F6955 /* Build configuration list for PBXNativeTarget "UbiqProject" */;
			buildPhases = (
				D4F2B9051BBF12EE007F6955 /* Sources */,
				D4F2B9061BBF12EE007F6955 /* Frameworks */,
				D4F2B9071BBF12EE007F6955 /* Resources */,
			);
			buildRules = (
			);
			dependencies = (
			);
			name = UbiqProject;
			productName = UbiqProject;
			productReference = D4F2B9091BBF12EE007F6955 /* UbiqProject.app */;
			productType = "com.apple.product-type.application";
		};
		D4F2B9211BBF12EE007F6955 /* UbiqProjectTests */ = {
			isa = PBXNativeTarget;
			buildConfigurationList = D4F2B92E1BBF12EE007F6955 /* Build configuration list for PBXNativeTarget "UbiqProjectTests" */;
			buildPhases = (
				D4F2B91E1BBF12EE007F6955 /* Sources */,
				D4F2B91F1BBF12EE007F6955 /* Frameworks */,
				D4F2B9201BBF12EE007F6955 /* Resources */,
			);
			buildRules = (
			);
			dependencies = (
				D4F2B9241BBF12EE007F6955 /* PBXTargetDependency */,
			);
			name = UbiqProjectTests;
			productName = UbiqProjectTests;
			productReference = D4F2B9221BBF12EE007F6955 /* UbiqProjectTests.xctest */;
			productType = "com.apple.product-type.bundle.unit-test";
		};
/* End PBXNativeTarget section */

/* Begin PBXProject section */
		D4F2B9011BBF12EE007F6955 /* Project object */ = {
			isa = PBXProject;
			attributes = {
				KnownAssetTags = (
					New,
				);
				LastUpgradeCheck = 0700;
				ORGANIZATIONNAME = Joey;
				TargetAttributes = {
					D4F2B9081BBF12EE007F6955 = {
						CreatedOnToolsVersion = 7.0.1;
						DevelopmentTeam = G64BY3BAY5;
					};
					D4F2B9211BBF12EE007F6955 = {
						CreatedOnToolsVersion = 7.0.1;
						TestTargetID = D4F2B9081BBF12EE007F6955;
					};
				};
			};
			buildConfigurationList = D4F2B9041BBF12EE007F6955 /* Build configuration list for PBXProject "UbiqProject" */;
			compatibilityVersion = "Xcode 3.2";
			developmentRegion = English;
			hasScannedForEncodings = 0;
			knownRegions = (
				en,
				Base,
			);
			mainGroup = D4F2B9001BBF12EE007F6955;
			productRefGroup = D4F2B90A1BBF12EE007F6955 /* Products */;
			projectDirPath = "";
			projectRoot = "";
			targets = (
				D4F2B9081BBF12EE007F6955 /* UbiqProject */,
				D4F2B9211BBF12EE007F6955 /* UbiqProjectTests */,
			);
		};
/* End PBXProject section */

/* Begin PBXResourcesBuildPhase section */
		D4F2B9071BBF12EE007F6955 /* Resources */ = {
			isa = PBXResourcesBuildPhase;
			buildActionMask = 2147483647;
			files = (
				F457BEF81C1685F500830580 /* ubiq1.mov in Resources */,
				F4782D891C1801810024BF1E /* Sequence.mov in Resources */,
				E1EA9D591C10EFC700573260 /* Main.storyboard in Resources */,
				E1CE8FC81C058323000A9EE9 /* video.mov in Resources */,
				E1CE8FC71C058323000A9EE9 /* railway.gif in Resources */,
				E13DE0461BFACE73000C9C30 /* .gitignore in Resources */,
				D4F2B91C1BBF12EE007F6955 /* LaunchScreen.storyboard in Resources */,
				9317A0D81C1769EA0093ED5D /* HistoryCustomCell.xib in Resources */,
				E1D8641E1BEDA11E00C772F6 /* Images.xcassets in Resources */,
				D4F2B9191BBF12EE007F6955 /* Assets.xcassets in Resources */,
			);
			runOnlyForDeploymentPostprocessing = 0;
		};
		D4F2B9201BBF12EE007F6955 /* Resources */ = {
			isa = PBXResourcesBuildPhase;
			buildActionMask = 2147483647;
			files = (
			);
			runOnlyForDeploymentPostprocessing = 0;
		};
/* End PBXResourcesBuildPhase section */

/* Begin PBXSourcesBuildPhase section */
		D4F2B9051BBF12EE007F6955 /* Sources */ = {
			isa = PBXSourcesBuildPhase;
			buildActionMask = 2147483647;
			files = (
				ACF534541C12C66800854186 /* AboutUsViewController.m in Sources */,
				ACF534521C12C66800854186 /* FavoritesViewController.m in Sources */,
				D47FCD6C1C10EBA700DC0250 /* OMGUserAgent.m in Sources */,
				E1EA9D551C10BD3B00573260 /* SearchCustomAnnotation.m in Sources */,
				E1FD46F01C16565C008101E1 /* AFURLConnectionOperation.m in Sources */,
				D47FCD6E1C10EBA700DC0250 /* YPAPISample.m in Sources */,
				E1FD46EA1C16565C008101E1 /* AFHTTPClient.m in Sources */,
				E1FD46D51C165652008101E1 /* Mailgun.m in Sources */,
				E1EA9D4D1C10BB5900573260 /* UserCustomAnnotation.m in Sources */,
				E1FD46F21C16565C008101E1 /* UIImageView+AFNetworking.m in Sources */,
				9317A0DB1C176A900093ED5D /* HistoryTableViewController.m in Sources */,
				E1FD46EF1C16565C008101E1 /* AFPropertyListRequestOperation.m in Sources */,
				D47FCD6B1C10EBA700DC0250 /* OMGHTTPURLRQ.m in Sources */,
				E1F5935E1BD4A7F100CC612D /* Query.m in Sources */,
				9317A0DE1C176B6E0093ED5D /* HistoryTableViewCell.m in Sources */,
				ACF5345A1C12C86400854186 /* NavigationViewController.m in Sources */,
				E1FD46ED1C16565C008101E1 /* AFJSONRequestOperation.m in Sources */,
				E1EA9D5E1C113EB900573260 /* NSString+APIKeys.m in Sources */,
				D47FCD6A1C10EBA700DC0250 /* OMGFormURLEncode.m in Sources */,
				D4F2B9141BBF12EE007F6955 /* HomeViewController.m in Sources */,
				E1CE8FC01C052AAC000A9EE9 /* LoginFormViewController.m in Sources */,
				E1FD46F11C16565C008101E1 /* AFXMLRequestOperation.m in Sources */,
				ACDE69661C169E850017951F /* BallotTableViewController.m in Sources */,
				ACF534571C12C69C00854186 /* SWRevealViewController.m in Sources */,
				D4F2B9111BBF12EE007F6955 /* AppDelegate.m in Sources */,
				E1F5935B1BD4A6E700CC612D /* MapViewController.m in Sources */,
				ACDE69691C16A4200017951F /* Ballot.m in Sources */,
				D4F2B90E1BBF12EE007F6955 /* main.m in Sources */,
				D47FCD691C10EBA700DC0250 /* NSURLRequest+OAuth.m in Sources */,
				E1FD46D61C165652008101E1 /* MGMessage.m in Sources */,
				D40D7D631BFBA8E4008C748D /* MapDetailedViewController.m in Sources */,
				E1FD46EE1C16565C008101E1 /* AFNetworkActivityIndicatorManager.m in Sources */,
				E1BAC4531C1658B600AE4035 /* Mailgun+Utilities.m in Sources */,
				D47FCD6D1C10EBA700DC0250 /* TDOAuth.m in Sources */,
				E1FD46EC1C16565C008101E1 /* AFImageRequestOperation.m in Sources */,
				E10E4A2B1BE1AC55004932FD /* SettingsModalViewController.m in Sources */,
				E1D468BA1C0703D40080C855 /* UIButton+Utilities.m in Sources */,
				E1DF867C1BF10FED00935996 /* README.md in Sources */,
				E1FD46EB1C16565C008101E1 /* AFHTTPRequestOperation.m in Sources */,
				D48E57C01BDF309F00B544FF /* CustomAnnotation.m in Sources */,
				ACDE696C1C16B48A0017951F /* CustomTableCell.m in Sources */,
				E14FA41C1C06FD0800E3FEB0 /* UITextField+Utilities.m in Sources */,
				E13CA0A41C082C680070D2CA /* FormTextField.m in Sources */,
			);
			runOnlyForDeploymentPostprocessing = 0;
		};
		D4F2B91E1BBF12EE007F6955 /* Sources */ = {
			isa = PBXSourcesBuildPhase;
			buildActionMask = 2147483647;
			files = (
				D4F2B9271BBF12EE007F6955 /* HomeViewControllerTest.m in Sources */,
				E1D89D771BF3B43000587796 /* MapViewControllerTest.m in Sources */,
			);
			runOnlyForDeploymentPostprocessing = 0;
		};
/* End PBXSourcesBuildPhase section */

/* Begin PBXTargetDependency section */
		D4F2B9241BBF12EE007F6955 /* PBXTargetDependency */ = {
			isa = PBXTargetDependency;
			target = D4F2B9081BBF12EE007F6955 /* UbiqProject */;
			targetProxy = D4F2B9231BBF12EE007F6955 /* PBXContainerItemProxy */;
		};
/* End PBXTargetDependency section */

/* Begin PBXVariantGroup section */
		D4F2B91A1BBF12EE007F6955 /* LaunchScreen.storyboard */ = {
			isa = PBXVariantGroup;
			children = (
				D4F2B91B1BBF12EE007F6955 /* Base */,
			);
			name = LaunchScreen.storyboard;
			sourceTree = "<group>";
		};
		E1EA9D571C10EFC700573260 /* Main.storyboard */ = {
			isa = PBXVariantGroup;
			children = (
				E1EA9D581C10EFC700573260 /* Base */,
			);
			name = Main.storyboard;
			sourceTree = "<group>";
		};
/* End PBXVariantGroup section */

/* Begin XCBuildConfiguration section */
		D4F2B9291BBF12EE007F6955 /* Debug */ = {
			isa = XCBuildConfiguration;
			buildSettings = {
				ALWAYS_SEARCH_USER_PATHS = NO;
				CLANG_CXX_LANGUAGE_STANDARD = "gnu++0x";
				CLANG_CXX_LIBRARY = "libc++";
				CLANG_ENABLE_MODULES = YES;
				CLANG_ENABLE_OBJC_ARC = YES;
				CLANG_WARN_BOOL_CONVERSION = YES;
				CLANG_WARN_CONSTANT_CONVERSION = YES;
				CLANG_WARN_DIRECT_OBJC_ISA_USAGE = YES_ERROR;
				CLANG_WARN_EMPTY_BODY = YES;
				CLANG_WARN_ENUM_CONVERSION = YES;
				CLANG_WARN_INT_CONVERSION = YES;
				CLANG_WARN_OBJC_ROOT_CLASS = YES_ERROR;
				CLANG_WARN_UNREACHABLE_CODE = YES;
				CLANG_WARN__DUPLICATE_METHOD_MATCH = YES;
				"CODE_SIGN_IDENTITY[sdk=iphoneos*]" = "iPhone Developer";
				COPY_PHASE_STRIP = NO;
				DEBUG_INFORMATION_FORMAT = dwarf;
				ENABLE_STRICT_OBJC_MSGSEND = YES;
				ENABLE_TESTABILITY = YES;
				GCC_C_LANGUAGE_STANDARD = gnu99;
				GCC_DYNAMIC_NO_PIC = NO;
				GCC_NO_COMMON_BLOCKS = YES;
				GCC_OPTIMIZATION_LEVEL = 0;
				GCC_PREPROCESSOR_DEFINITIONS = (
					"DEBUG=1",
					"$(inherited)",
				);
				GCC_WARN_64_TO_32_BIT_CONVERSION = YES;
				GCC_WARN_ABOUT_RETURN_TYPE = YES_ERROR;
				GCC_WARN_UNDECLARED_SELECTOR = YES;
				GCC_WARN_UNINITIALIZED_AUTOS = YES_AGGRESSIVE;
				GCC_WARN_UNUSED_FUNCTION = YES;
				GCC_WARN_UNUSED_VARIABLE = YES;
				IPHONEOS_DEPLOYMENT_TARGET = 9.0;
				MTL_ENABLE_DEBUG_INFO = YES;
				ONLY_ACTIVE_ARCH = YES;
				SDKROOT = iphoneos;
				TARGETED_DEVICE_FAMILY = "1,2";
			};
			name = Debug;
		};
		D4F2B92A1BBF12EE007F6955 /* Release */ = {
			isa = XCBuildConfiguration;
			buildSettings = {
				ALWAYS_SEARCH_USER_PATHS = NO;
				CLANG_CXX_LANGUAGE_STANDARD = "gnu++0x";
				CLANG_CXX_LIBRARY = "libc++";
				CLANG_ENABLE_MODULES = YES;
				CLANG_ENABLE_OBJC_ARC = YES;
				CLANG_WARN_BOOL_CONVERSION = YES;
				CLANG_WARN_CONSTANT_CONVERSION = YES;
				CLANG_WARN_DIRECT_OBJC_ISA_USAGE = YES_ERROR;
				CLANG_WARN_EMPTY_BODY = YES;
				CLANG_WARN_ENUM_CONVERSION = YES;
				CLANG_WARN_INT_CONVERSION = YES;
				CLANG_WARN_OBJC_ROOT_CLASS = YES_ERROR;
				CLANG_WARN_UNREACHABLE_CODE = YES;
				CLANG_WARN__DUPLICATE_METHOD_MATCH = YES;
				"CODE_SIGN_IDENTITY[sdk=iphoneos*]" = "iPhone Developer";
				COPY_PHASE_STRIP = NO;
				DEBUG_INFORMATION_FORMAT = "dwarf-with-dsym";
				ENABLE_NS_ASSERTIONS = NO;
				ENABLE_STRICT_OBJC_MSGSEND = YES;
				GCC_C_LANGUAGE_STANDARD = gnu99;
				GCC_NO_COMMON_BLOCKS = YES;
				GCC_WARN_64_TO_32_BIT_CONVERSION = YES;
				GCC_WARN_ABOUT_RETURN_TYPE = YES_ERROR;
				GCC_WARN_UNDECLARED_SELECTOR = YES;
				GCC_WARN_UNINITIALIZED_AUTOS = YES_AGGRESSIVE;
				GCC_WARN_UNUSED_FUNCTION = YES;
				GCC_WARN_UNUSED_VARIABLE = YES;
				IPHONEOS_DEPLOYMENT_TARGET = 9.0;
				MTL_ENABLE_DEBUG_INFO = NO;
				SDKROOT = iphoneos;
				TARGETED_DEVICE_FAMILY = "1,2";
				VALIDATE_PRODUCT = YES;
			};
			name = Release;
		};
		D4F2B92C1BBF12EE007F6955 /* Debug */ = {
			isa = XCBuildConfiguration;
			buildSettings = {
				ASSETCATALOG_COMPILER_APPICON_NAME = AppIcon;
				CODE_SIGN_IDENTITY = "iPhone Developer";
				"CODE_SIGN_IDENTITY[sdk=iphoneos*]" = "iPhone Developer";
				FRAMEWORK_SEARCH_PATHS = (
					"$(inherited)",
					"$(PROJECT_DIR)",
					"$(SRCROOT)/**",
				);
				INFOPLIST_FILE = UbiqProject/Info.plist;
				IPHONEOS_DEPLOYMENT_TARGET = 9.0;
				LD_RUNPATH_SEARCH_PATHS = "$(inherited) @executable_path/Frameworks";
				PRODUCT_BUNDLE_IDENTIFIER = com.ubiquitous.converge;
				PRODUCT_NAME = "$(TARGET_NAME)";
				PROVISIONING_PROFILE = "";
				TARGETED_DEVICE_FAMILY = "1,2";
			};
			name = Debug;
		};
		D4F2B92D1BBF12EE007F6955 /* Release */ = {
			isa = XCBuildConfiguration;
			buildSettings = {
				ASSETCATALOG_COMPILER_APPICON_NAME = AppIcon;
				CODE_SIGN_IDENTITY = "iPhone Developer";
				"CODE_SIGN_IDENTITY[sdk=iphoneos*]" = "iPhone Developer";
				FRAMEWORK_SEARCH_PATHS = (
					"$(inherited)",
					"$(PROJECT_DIR)",
					"$(SRCROOT)/**",
				);
				INFOPLIST_FILE = UbiqProject/Info.plist;
				IPHONEOS_DEPLOYMENT_TARGET = 9.0;
				LD_RUNPATH_SEARCH_PATHS = "$(inherited) @executable_path/Frameworks";
				PRODUCT_BUNDLE_IDENTIFIER = com.ubiquitous.converge;
				PRODUCT_NAME = "$(TARGET_NAME)";
				PROVISIONING_PROFILE = "";
				TARGETED_DEVICE_FAMILY = "1,2";
			};
			name = Release;
		};
		D4F2B92F1BBF12EE007F6955 /* Debug */ = {
			isa = XCBuildConfiguration;
			buildSettings = {
				BUNDLE_LOADER = "$(TEST_HOST)";
				INFOPLIST_FILE = UbiqProjectTests/Info.plist;
				LD_RUNPATH_SEARCH_PATHS = "$(inherited) @executable_path/Frameworks @loader_path/Frameworks";
				PRODUCT_BUNDLE_IDENTIFIER = Ubiq.UbiqProjectTests;
				PRODUCT_NAME = "$(TARGET_NAME)";
				TEST_HOST = "$(BUILT_PRODUCTS_DIR)/UbiqProject.app/UbiqProject";
			};
			name = Debug;
		};
		D4F2B9301BBF12EE007F6955 /* Release */ = {
			isa = XCBuildConfiguration;
			buildSettings = {
				BUNDLE_LOADER = "$(TEST_HOST)";
				INFOPLIST_FILE = UbiqProjectTests/Info.plist;
				LD_RUNPATH_SEARCH_PATHS = "$(inherited) @executable_path/Frameworks @loader_path/Frameworks";
				PRODUCT_BUNDLE_IDENTIFIER = Ubiq.UbiqProjectTests;
				PRODUCT_NAME = "$(TARGET_NAME)";
				TEST_HOST = "$(BUILT_PRODUCTS_DIR)/UbiqProject.app/UbiqProject";
			};
			name = Release;
		};
/* End XCBuildConfiguration section */

/* Begin XCConfigurationList section */
		D4F2B9041BBF12EE007F6955 /* Build configuration list for PBXProject "UbiqProject" */ = {
			isa = XCConfigurationList;
			buildConfigurations = (
				D4F2B9291BBF12EE007F6955 /* Debug */,
				D4F2B92A1BBF12EE007F6955 /* Release */,
			);
			defaultConfigurationIsVisible = 0;
			defaultConfigurationName = Release;
		};
		D4F2B92B1BBF12EE007F6955 /* Build configuration list for PBXNativeTarget "UbiqProject" */ = {
			isa = XCConfigurationList;
			buildConfigurations = (
				D4F2B92C1BBF12EE007F6955 /* Debug */,
				D4F2B92D1BBF12EE007F6955 /* Release */,
			);
			defaultConfigurationIsVisible = 0;
			defaultConfigurationName = Release;
		};
		D4F2B92E1BBF12EE007F6955 /* Build configuration list for PBXNativeTarget "UbiqProjectTests" */ = {
			isa = XCConfigurationList;
			buildConfigurations = (
				D4F2B92F1BBF12EE007F6955 /* Debug */,
				D4F2B9301BBF12EE007F6955 /* Release */,
			);
			defaultConfigurationIsVisible = 0;
			defaultConfigurationName = Release;
		};
/* End XCConfigurationList section */
	};
	rootObject = D4F2B9011BBF12EE007F6955 /* Project object */;
}
